
Microsoft Visual Studio Solution File, Format Version 12.00
# Visual Studio 14
VisualStudioVersion = 14.0.24720.0
MinimumVisualStudioVersion = 10.0.40219.1
Project("{FAE04EC0-301F-11D3-BF4B-00C04F79EFBC}") = "webapi", "webapi\webapi.csproj", "{3948C58E-A00D-4FA4-B6D9-2E9B805861DE}"
EndProject
Project("{FAE04EC0-301F-11D3-BF4B-00C04F79EFBC}") = "EmployeeDataAccess", "EmployeeDataAccess\EmployeeDataAccess.csproj", "{153AABF2-2E1E-440C-9A95-1F02A24FDC45}"
EndProject
Global
	GlobalSection(SolutionConfigurationPlatforms) = preSolution
		Debug|Any CPU = Debug|Any CPU
		Release|Any CPU = Release|Any CPU
	EndGlobalSection
	GlobalSection(ProjectConfigurationPlatforms) = postSolution
		{3948C58E-A00D-4FA4-B6D9-2E9B805861DE}.Debug|Any CPU.ActiveCfg = Debug|Any CPU
		{3948C58E-A00D-4FA4-B6D9-2E9B805861DE}.Debug|Any CPU.Build.0 = Debug|Any CPU
		{3948C58E-A00D-4FA4-B6D9-2E9B805861DE}.Release|Any CPU.ActiveCfg = Release|Any CPU
		{3948C58E-A00D-4FA4-B6D9-2E9B805861DE}.Release|Any CPU.Build.0 = Release|Any CPU
		{153AABF2-2E1E-440C-9A95-1F02A24FDC45}.Debug|Any CPU.ActiveCfg = Debug|Any CPU
		{153AABF2-2E1E-440C-9A95-1F02A24FDC45}.Debug|Any CPU.Build.0 = Debug|Any CPU
		{153AABF2-2E1E-440C-9A95-1F02A24FDC45}.Release|Any CPU.ActiveCfg = Release|Any CPU
		{153AABF2-2E1E-440C-9A95-1F02A24FDC45}.Release|Any CPU.Build.0 = Release|Any CPU
	EndGlobalSection
	GlobalSection(SolutionProperties) = preSolution
		HideSolutionNode = FALSE
	EndGlobalSection
EndGlobal
